
Microsoft Visual Studio Solution File, Format Version 12.00
# Visual Studio 15
VisualStudioVersion = 15.0.27428.2037
MinimumVisualStudioVersion = 10.0.40219.1
Project("{9A19103F-16F7-4668-BE54-9A1E7A4F7556}") = "SETPPBO", "SETPPBO\SETPPBO.csproj", "{BDB85BC4-EC0E-4D29-82E1-E656407EA609}"
EndProject
Global
	GlobalSection(SolutionConfigurationPlatforms) = preSolution
		Debug|Any CPU = Debug|Any CPU
		Release|Any CPU = Release|Any CPU
	EndGlobalSection
	GlobalSection(ProjectConfigurationPlatforms) = postSolution
		{BDB85BC4-EC0E-4D29-82E1-E656407EA609}.Debug|Any CPU.ActiveCfg = Debug|Any CPU
		{BDB85BC4-EC0E-4D29-82E1-E656407EA609}.Debug|Any CPU.Build.0 = Debug|Any CPU
		{BDB85BC4-EC0E-4D29-82E1-E656407EA609}.Release|Any CPU.ActiveCfg = Release|Any CPU
		{BDB85BC4-EC0E-4D29-82E1-E656407EA609}.Release|Any CPU.Build.0 = Release|Any CPU
	EndGlobalSection
	GlobalSection(SolutionProperties) = preSolution
		HideSolutionNode = FALSE
	EndGlobalSection
	GlobalSection(ExtensibilityGlobals) = postSolution
		SolutionGuid = {FFF35BB2-DA9A-4011-9FED-E6BFBDF2A5B0}
	EndGlobalSection
	GlobalSection(TeamFoundationVersionControl) = preSolution
		SccNumberOfProjects = 2
		SccEnterpriseProvider = {4CA58AB2-18FA-4F8D-95D4-32DDF27D184C}
		SccTeamFoundationServer = http://10.242.89.22:8080/tfs/ecorpcollection
		SccLocalPath0 = .
		SccProjectUniqueName1 = SETPPBO\\SETPPBO.csproj
		SccProjectName1 = SETPPBO
		SccLocalPath1 = SETPPBO
	EndGlobalSection
EndGlobal
